
Microsoft Visual Studio Solution File, Format Version 12.00
# Visual Studio Version 17
VisualStudioVersion = 17.11.35312.102
MinimumVisualStudioVersion = 10.0.40219.1
Project("{FAE04EC0-301F-11D3-BF4B-00C04F79EFBC}") = "BaiTap5_64132989", "BaiTap5_64132989\BaiTap5_64132989.csproj", "{62C8D0D8-C212-4804-92A4-6622158A0C77}"
EndProject
Global
	GlobalSection(SolutionConfigurationPlatforms) = preSolution
		Debug|Any CPU = Debug|Any CPU
		Release|Any CPU = Release|Any CPU
	EndGlobalSection
	GlobalSection(ProjectConfigurationPlatforms) = postSolution
		{62C8D0D8-C212-4804-92A4-6622158A0C77}.Debug|Any CPU.ActiveCfg = Debug|Any CPU
		{62C8D0D8-C212-4804-92A4-6622158A0C77}.Debug|Any CPU.Build.0 = Debug|Any CPU
		{62C8D0D8-C212-4804-92A4-6622158A0C77}.Release|Any CPU.ActiveCfg = Release|Any CPU
		{62C8D0D8-C212-4804-92A4-6622158A0C77}.Release|Any CPU.Build.0 = Release|Any CPU
	EndGlobalSection
	GlobalSection(SolutionProperties) = preSolution
		HideSolutionNode = FALSE
	EndGlobalSection
	GlobalSection(ExtensibilityGlobals) = postSolution
		SolutionGuid = {54832F13-EDF9-4004-BBF1-8A308C685212}
	EndGlobalSection
EndGlobal
