
Microsoft Visual Studio Solution File, Format Version 12.00
# Visual Studio Version 17
VisualStudioVersion = 17.11.35312.102
MinimumVisualStudioVersion = 10.0.40219.1
Project("{FAE04EC0-301F-11D3-BF4B-00C04F79EFBC}") = "ThiGK64CNTT3_64132989_De1", "ThiGK64CNTT3_64132989_De1\ThiGK64CNTT3_64132989_De1.csproj", "{8369EBB6-DEE6-41FA-9C56-2CD9A3F01B04}"
EndProject
Global
	GlobalSection(SolutionConfigurationPlatforms) = preSolution
		Debug|Any CPU = Debug|Any CPU
		Release|Any CPU = Release|Any CPU
	EndGlobalSection
	GlobalSection(ProjectConfigurationPlatforms) = postSolution
		{8369EBB6-DEE6-41FA-9C56-2CD9A3F01B04}.Debug|Any CPU.ActiveCfg = Debug|Any CPU
		{8369EBB6-DEE6-41FA-9C56-2CD9A3F01B04}.Debug|Any CPU.Build.0 = Debug|Any CPU
		{8369EBB6-DEE6-41FA-9C56-2CD9A3F01B04}.Release|Any CPU.ActiveCfg = Release|Any CPU
		{8369EBB6-DEE6-41FA-9C56-2CD9A3F01B04}.Release|Any CPU.Build.0 = Release|Any CPU
	EndGlobalSection
	GlobalSection(SolutionProperties) = preSolution
		HideSolutionNode = FALSE
	EndGlobalSection
	GlobalSection(ExtensibilityGlobals) = postSolution
		SolutionGuid = {89D1C20E-1DCD-4724-A2DA-1EF9F2E558B9}
	EndGlobalSection
EndGlobal
