
Microsoft Visual Studio Solution File, Format Version 12.00
# Visual Studio Version 17
VisualStudioVersion = 17.11.35312.102
MinimumVisualStudioVersion = 10.0.40219.1
Project("{FAE04EC0-301F-11D3-BF4B-00C04F79EFBC}") = "Security", "Security\Security.csproj", "{145C9D67-02D8-4C27-BFD9-3DE26452D44D}"
EndProject
Global
	GlobalSection(SolutionConfigurationPlatforms) = preSolution
		Debug|Any CPU = Debug|Any CPU
		Release|Any CPU = Release|Any CPU
	EndGlobalSection
	GlobalSection(ProjectConfigurationPlatforms) = postSolution
		{145C9D67-02D8-4C27-BFD9-3DE26452D44D}.Debug|Any CPU.ActiveCfg = Debug|Any CPU
		{145C9D67-02D8-4C27-BFD9-3DE26452D44D}.Debug|Any CPU.Build.0 = Debug|Any CPU
		{145C9D67-02D8-4C27-BFD9-3DE26452D44D}.Release|Any CPU.ActiveCfg = Release|Any CPU
		{145C9D67-02D8-4C27-BFD9-3DE26452D44D}.Release|Any CPU.Build.0 = Release|Any CPU
	EndGlobalSection
	GlobalSection(SolutionProperties) = preSolution
		HideSolutionNode = FALSE
	EndGlobalSection
	GlobalSection(ExtensibilityGlobals) = postSolution
		SolutionGuid = {BB9E7A9A-589A-4053-9E7D-A27CFBC10948}
	EndGlobalSection
EndGlobal
