
Microsoft Visual Studio Solution File, Format Version 12.00
# Visual Studio Version 17
VisualStudioVersion = 17.11.35303.130
MinimumVisualStudioVersion = 10.0.40219.1
Project("{FAE04EC0-301F-11D3-BF4B-00C04F79EFBC}") = "BaiTap1_64132989", "BaiTap1_64132989\BaiTap1_64132989.csproj", "{7F203A6D-3192-4BB4-BD88-3E76FBBF3109}"
EndProject
Global
	GlobalSection(SolutionConfigurationPlatforms) = preSolution
		Debug|Any CPU = Debug|Any CPU
		Release|Any CPU = Release|Any CPU
	EndGlobalSection
	GlobalSection(ProjectConfigurationPlatforms) = postSolution
		{7F203A6D-3192-4BB4-BD88-3E76FBBF3109}.Debug|Any CPU.ActiveCfg = Debug|Any CPU
		{7F203A6D-3192-4BB4-BD88-3E76FBBF3109}.Debug|Any CPU.Build.0 = Debug|Any CPU
		{7F203A6D-3192-4BB4-BD88-3E76FBBF3109}.Release|Any CPU.ActiveCfg = Release|Any CPU
		{7F203A6D-3192-4BB4-BD88-3E76FBBF3109}.Release|Any CPU.Build.0 = Release|Any CPU
	EndGlobalSection
	GlobalSection(SolutionProperties) = preSolution
		HideSolutionNode = FALSE
	EndGlobalSection
	GlobalSection(ExtensibilityGlobals) = postSolution
		SolutionGuid = {07777B12-4CA8-4318-BF60-361439126281}
	EndGlobalSection
EndGlobal
