
Microsoft Visual Studio Solution File, Format Version 12.00
# Visual Studio Version 17
VisualStudioVersion = 17.11.35312.102
MinimumVisualStudioVersion = 10.0.40219.1
Project("{FAE04EC0-301F-11D3-BF4B-00C04F79EFBC}") = "KT0720Vinh_64132989", "KT0720Vinh_64132989\KT0720Vinh_64132989.csproj", "{CE167886-7EF1-4D91-92E4-8402E1D20EE9}"
EndProject
Global
	GlobalSection(SolutionConfigurationPlatforms) = preSolution
		Debug|Any CPU = Debug|Any CPU
		Release|Any CPU = Release|Any CPU
	EndGlobalSection
	GlobalSection(ProjectConfigurationPlatforms) = postSolution
		{CE167886-7EF1-4D91-92E4-8402E1D20EE9}.Debug|Any CPU.ActiveCfg = Debug|Any CPU
		{CE167886-7EF1-4D91-92E4-8402E1D20EE9}.Debug|Any CPU.Build.0 = Debug|Any CPU
		{CE167886-7EF1-4D91-92E4-8402E1D20EE9}.Release|Any CPU.ActiveCfg = Release|Any CPU
		{CE167886-7EF1-4D91-92E4-8402E1D20EE9}.Release|Any CPU.Build.0 = Release|Any CPU
	EndGlobalSection
	GlobalSection(SolutionProperties) = preSolution
		HideSolutionNode = FALSE
	EndGlobalSection
	GlobalSection(ExtensibilityGlobals) = postSolution
		SolutionGuid = {E15E2142-606D-4859-917B-5DF9D7BFB6A0}
	EndGlobalSection
EndGlobal
