
Microsoft Visual Studio Solution File, Format Version 12.00
# Visual Studio Version 17
VisualStudioVersion = 17.11.35312.102
MinimumVisualStudioVersion = 10.0.40219.1
Project("{FAE04EC0-301F-11D3-BF4B-00C04F79EFBC}") = "ThiGK_64132989", "ThiGK_64132989\ThiGK_64132989.csproj", "{DD9BA416-8136-4181-8D76-B142F0A81B77}"
EndProject
Global
	GlobalSection(SolutionConfigurationPlatforms) = preSolution
		Debug|Any CPU = Debug|Any CPU
		Release|Any CPU = Release|Any CPU
	EndGlobalSection
	GlobalSection(ProjectConfigurationPlatforms) = postSolution
		{DD9BA416-8136-4181-8D76-B142F0A81B77}.Debug|Any CPU.ActiveCfg = Debug|Any CPU
		{DD9BA416-8136-4181-8D76-B142F0A81B77}.Debug|Any CPU.Build.0 = Debug|Any CPU
		{DD9BA416-8136-4181-8D76-B142F0A81B77}.Release|Any CPU.ActiveCfg = Release|Any CPU
		{DD9BA416-8136-4181-8D76-B142F0A81B77}.Release|Any CPU.Build.0 = Release|Any CPU
	EndGlobalSection
	GlobalSection(SolutionProperties) = preSolution
		HideSolutionNode = FALSE
	EndGlobalSection
	GlobalSection(ExtensibilityGlobals) = postSolution
		SolutionGuid = {A67B1F96-2B3D-4876-B165-BC38EDAB6599}
	EndGlobalSection
EndGlobal
