
Microsoft Visual Studio Solution File, Format Version 12.00
# Visual Studio Version 17
VisualStudioVersion = 17.11.35303.130
MinimumVisualStudioVersion = 10.0.40219.1
Project("{FAE04EC0-301F-11D3-BF4B-00C04F79EFBC}") = "BaiTap3_64132989", "BaiTap3_64132989\BaiTap3_64132989.csproj", "{F59EF28A-DB5B-40EE-A98F-3C993A14BC85}"
EndProject
Global
	GlobalSection(SolutionConfigurationPlatforms) = preSolution
		Debug|Any CPU = Debug|Any CPU
		Release|Any CPU = Release|Any CPU
	EndGlobalSection
	GlobalSection(ProjectConfigurationPlatforms) = postSolution
		{F59EF28A-DB5B-40EE-A98F-3C993A14BC85}.Debug|Any CPU.ActiveCfg = Debug|Any CPU
		{F59EF28A-DB5B-40EE-A98F-3C993A14BC85}.Debug|Any CPU.Build.0 = Debug|Any CPU
		{F59EF28A-DB5B-40EE-A98F-3C993A14BC85}.Release|Any CPU.ActiveCfg = Release|Any CPU
		{F59EF28A-DB5B-40EE-A98F-3C993A14BC85}.Release|Any CPU.Build.0 = Release|Any CPU
	EndGlobalSection
	GlobalSection(SolutionProperties) = preSolution
		HideSolutionNode = FALSE
	EndGlobalSection
	GlobalSection(ExtensibilityGlobals) = postSolution
		SolutionGuid = {A7968721-14CF-4A44-A161-D6F965B5CFF5}
	EndGlobalSection
EndGlobal
