
Microsoft Visual Studio Solution File, Format Version 12.00
# Visual Studio Version 17
VisualStudioVersion = 17.11.35312.102
MinimumVisualStudioVersion = 10.0.40219.1
Project("{FAE04EC0-301F-11D3-BF4B-00C04F79EFBC}") = "BaiTap6_Auth", "BaiTap6_Auth\BaiTap6_Auth.csproj", "{1EDFB6AE-1161-4209-A474-8DB40FF350FD}"
EndProject
Global
	GlobalSection(SolutionConfigurationPlatforms) = preSolution
		Debug|Any CPU = Debug|Any CPU
		Release|Any CPU = Release|Any CPU
	EndGlobalSection
	GlobalSection(ProjectConfigurationPlatforms) = postSolution
		{1EDFB6AE-1161-4209-A474-8DB40FF350FD}.Debug|Any CPU.ActiveCfg = Debug|Any CPU
		{1EDFB6AE-1161-4209-A474-8DB40FF350FD}.Debug|Any CPU.Build.0 = Debug|Any CPU
		{1EDFB6AE-1161-4209-A474-8DB40FF350FD}.Release|Any CPU.ActiveCfg = Release|Any CPU
		{1EDFB6AE-1161-4209-A474-8DB40FF350FD}.Release|Any CPU.Build.0 = Release|Any CPU
	EndGlobalSection
	GlobalSection(SolutionProperties) = preSolution
		HideSolutionNode = FALSE
	EndGlobalSection
	GlobalSection(ExtensibilityGlobals) = postSolution
		SolutionGuid = {27B328CE-81C1-4114-908A-7C14E531C97D}
	EndGlobalSection
EndGlobal
